// !$*UTF8*$!
{
	archiveVersion = 1;
	classes = {
	};
	objectVersion = 55;
	objects = {

/* Begin PBXBuildFile section */
		84205EE928DF2F7500421317 /* FormattedTextField.swift in Sources */ = {isa = PBXBuildFile; fileRef = 84205EE828DF2F7500421317 /* FormattedTextField.swift */; };
		84205EEB28DF33E300421317 /* UnitConverter.swift in Sources */ = {isa = PBXBuildFile; fileRef = 84205EEA28DF33E300421317 /* UnitConverter.swift */; };
		84205EED28DF347E00421317 /* TextFieldUnitFormatter.swift in Sources */ = {isa = PBXBuildFile; fileRef = 84205EEC28DF347E00421317 /* TextFieldUnitFormatter.swift */; };
		84205EEF28DF34E200421317 /* TextFieldFormatter.swift in Sources */ = {isa = PBXBuildFile; fileRef = 84205EEE28DF34E200421317 /* TextFieldFormatter.swift */; };
		84205EF128DF66B600421317 /* FormatterFactory.swift in Sources */ = {isa = PBXBuildFile; fileRef = 84205EF028DF66B600421317 /* FormatterFactory.swift */; };
		84572DF128DC85AF00922409 /* UnitConverterApp.swift in Sources */ = {isa = PBXBuildFile; fileRef = 84572DF028DC85AF00922409 /* UnitConverterApp.swift */; };
		84572DF328DC85AF00922409 /* ContentView.swift in Sources */ = {isa = PBXBuildFile; fileRef = 84572DF228DC85AF00922409 /* ContentView.swift */; };
		84572DF528DC85B200922409 /* Assets.xcassets in Resources */ = {isa = PBXBuildFile; fileRef = 84572DF428DC85B200922409 /* Assets.xcassets */; };
		84572DF828DC85B200922409 /* Preview Assets.xcassets in Resources */ = {isa = PBXBuildFile; fileRef = 84572DF728DC85B200922409 /* Preview Assets.xcassets */; };
		84572DFF28DCCEF100922409 /* ConverterView.swift in Sources */ = {isa = PBXBuildFile; fileRef = 84572DFE28DCCEF100922409 /* ConverterView.swift */; };
		84572E0128DCCF3200922409 /* Converter.swift in Sources */ = {isa = PBXBuildFile; fileRef = 84572E0028DCCF3200922409 /* Converter.swift */; };
		84572E0328DCCFD300922409 /* LengthConverter.swift in Sources */ = {isa = PBXBuildFile; fileRef = 84572E0228DCCFD300922409 /* LengthConverter.swift */; };
		84572E0528DCD01400922409 /* TemperatureConverter.swift in Sources */ = {isa = PBXBuildFile; fileRef = 84572E0428DCD01400922409 /* TemperatureConverter.swift */; };
		84572E0828DD768700922409 /* TimeConverter.swift in Sources */ = {isa = PBXBuildFile; fileRef = 84572E0728DD768700922409 /* TimeConverter.swift */; };
		84572E0A28DD774F00922409 /* VolumeConverter.swift in Sources */ = {isa = PBXBuildFile; fileRef = 84572E0928DD774F00922409 /* VolumeConverter.swift */; };
		84572E0F28DD79AE00922409 /* LengthFormatter.swift in Sources */ = {isa = PBXBuildFile; fileRef = 84572E0E28DD79AE00922409 /* LengthFormatter.swift */; };
		84572E1128DD7A5800922409 /* TimeFormatter.swift in Sources */ = {isa = PBXBuildFile; fileRef = 84572E1028DD7A5800922409 /* TimeFormatter.swift */; };
		84572E1328DD7AB200922409 /* TemperatureFormatter.swift in Sources */ = {isa = PBXBuildFile; fileRef = 84572E1228DD7AB200922409 /* TemperatureFormatter.swift */; };
		84572E1528DD7B5400922409 /* VolumeFormatter.swift in Sources */ = {isa = PBXBuildFile; fileRef = 84572E1428DD7B5400922409 /* VolumeFormatter.swift */; };
/* End PBXBuildFile section */

/* Begin PBXFileReference section */
		84205EE828DF2F7500421317 /* FormattedTextField.swift */ = {isa = PBXFileReference; lastKnownFileType = sourcecode.swift; path = FormattedTextField.swift; sourceTree = "<group>"; };
		84205EEA28DF33E300421317 /* UnitConverter.swift */ = {isa = PBXFileReference; lastKnownFileType = sourcecode.swift; path = UnitConverter.swift; sourceTree = "<group>"; };
		84205EEC28DF347E00421317 /* TextFieldUnitFormatter.swift */ = {isa = PBXFileReference; lastKnownFileType = sourcecode.swift; path = TextFieldUnitFormatter.swift; sourceTree = "<group>"; };
		84205EEE28DF34E200421317 /* TextFieldFormatter.swift */ = {isa = PBXFileReference; lastKnownFileType = sourcecode.swift; path = TextFieldFormatter.swift; sourceTree = "<group>"; };
		84205EF028DF66B600421317 /* FormatterFactory.swift */ = {isa = PBXFileReference; lastKnownFileType = sourcecode.swift; path = FormatterFactory.swift; sourceTree = "<group>"; };
		84572DED28DC85AF00922409 /* UnitConverter.app */ = {isa = PBXFileReference; explicitFileType = wrapper.application; includeInIndex = 0; path = UnitConverter.app; sourceTree = BUILT_PRODUCTS_DIR; };
		84572DF028DC85AF00922409 /* UnitConverterApp.swift */ = {isa = PBXFileReference; lastKnownFileType = sourcecode.swift; path = UnitConverterApp.swift; sourceTree = "<group>"; };
		84572DF228DC85AF00922409 /* ContentView.swift */ = {isa = PBXFileReference; lastKnownFileType = sourcecode.swift; path = ContentView.swift; sourceTree = "<group>"; };
		84572DF428DC85B200922409 /* Assets.xcassets */ = {isa = PBXFileReference; lastKnownFileType = folder.assetcatalog; path = Assets.xcassets; sourceTree = "<group>"; };
		84572DF728DC85B200922409 /* Preview Assets.xcassets */ = {isa = PBXFileReference; lastKnownFileType = folder.assetcatalog; path = "Preview Assets.xcassets"; sourceTree = "<group>"; };
		84572DFE28DCCEF100922409 /* ConverterView.swift */ = {isa = PBXFileReference; lastKnownFileType = sourcecode.swift; path = ConverterView.swift; sourceTree = "<group>"; };
		84572E0028DCCF3200922409 /* Converter.swift */ = {isa = PBXFileReference; lastKnownFileType = sourcecode.swift; path = Converter.swift; sourceTree = "<group>"; };
		84572E0228DCCFD300922409 /* LengthConverter.swift */ = {isa = PBXFileReference; lastKnownFileType = sourcecode.swift; path = LengthConverter.swift; sourceTree = "<group>"; };
		84572E0428DCD01400922409 /* TemperatureConverter.swift */ = {isa = PBXFileReference; fileEncoding = 4; lastKnownFileType = sourcecode.swift; path = TemperatureConverter.swift; sourceTree = "<group>"; };
		84572E0728DD768700922409 /* TimeConverter.swift */ = {isa = PBXFileReference; fileEncoding = 4; lastKnownFileType = sourcecode.swift; path = TimeConverter.swift; sourceTree = "<group>"; };
		84572E0928DD774F00922409 /* VolumeConverter.swift */ = {isa = PBXFileReference; fileEncoding = 4; lastKnownFileType = sourcecode.swift; path = VolumeConverter.swift; sourceTree = "<group>"; };
		84572E0E28DD79AE00922409 /* LengthFormatter.swift */ = {isa = PBXFileReference; fileEncoding = 4; lastKnownFileType = sourcecode.swift; path = LengthFormatter.swift; sourceTree = "<group>"; };
		84572E1028DD7A5800922409 /* TimeFormatter.swift */ = {isa = PBXFileReference; fileEncoding = 4; lastKnownFileType = sourcecode.swift; path = TimeFormatter.swift; sourceTree = "<group>"; };
		84572E1228DD7AB200922409 /* TemperatureFormatter.swift */ = {isa = PBXFileReference; fileEncoding = 4; lastKnownFileType = sourcecode.swift; path = TemperatureFormatter.swift; sourceTree = "<group>"; };
		84572E1428DD7B5400922409 /* VolumeFormatter.swift */ = {isa = PBXFileReference; fileEncoding = 4; lastKnownFileType = sourcecode.swift; path = VolumeFormatter.swift; sourceTree = "<group>"; };
/* End PBXFileReference section */

/* Begin PBXFrameworksBuildPhase section */
		84572DEA28DC85AF00922409 /* Frameworks */ = {
			isa = PBXFrameworksBuildPhase;
			buildActionMask = 2147483647;
			files = (
			);
			runOnlyForDeploymentPostprocessing = 0;
		};
/* End PBXFrameworksBuildPhase section */

/* Begin PBXGroup section */
		84205EF228DF674900421317 /* Factories */ = {
			isa = PBXGroup;
			children = (
				84205EF028DF66B600421317 /* FormatterFactory.swift */,
			);
			path = Factories;
			sourceTree = "<group>";
		};
		84572DE428DC85AF00922409 = {
			isa = PBXGroup;
			children = (
				84572DEF28DC85AF00922409 /* UnitConverter */,
				84572DEE28DC85AF00922409 /* Products */,
			);
			sourceTree = "<group>";
		};
		84572DEE28DC85AF00922409 /* Products */ = {
			isa = PBXGroup;
			children = (
				84572DED28DC85AF00922409 /* UnitConverter.app */,
			);
			name = Products;
			sourceTree = "<group>";
		};
		84572DEF28DC85AF00922409 /* UnitConverter */ = {
			isa = PBXGroup;
			children = (
				84572E0D28DD798900922409 /* Formatters */,
				84572E0628DD766000922409 /* Converters */,
				84572DF028DC85AF00922409 /* UnitConverterApp.swift */,
				84572DF228DC85AF00922409 /* ContentView.swift */,
				84572DF428DC85B200922409 /* Assets.xcassets */,
				84572DF628DC85B200922409 /* Preview Content */,
				84572DFE28DCCEF100922409 /* ConverterView.swift */,
				84205EE828DF2F7500421317 /* FormattedTextField.swift */,
				84205EEC28DF347E00421317 /* TextFieldUnitFormatter.swift */,
				84205EEE28DF34E200421317 /* TextFieldFormatter.swift */,
			);
			path = UnitConverter;
			sourceTree = "<group>";
		};
		84572DF628DC85B200922409 /* Preview Content */ = {
			isa = PBXGroup;
			children = (
				84572DF728DC85B200922409 /* Preview Assets.xcassets */,
			);
			path = "Preview Content";
			sourceTree = "<group>";
		};
		84572E0628DD766000922409 /* Converters */ = {
			isa = PBXGroup;
			children = (
				84572E0028DCCF3200922409 /* Converter.swift */,
				84572E0228DCCFD300922409 /* LengthConverter.swift */,
				84572E0728DD768700922409 /* TimeConverter.swift */,
				84572E0928DD774F00922409 /* VolumeConverter.swift */,
				84572E0428DCD01400922409 /* TemperatureConverter.swift */,
			);
			path = Converters;
			sourceTree = "<group>";
		};
		84572E0D28DD798900922409 /* Formatters */ = {
			isa = PBXGroup;
			children = (
				84205EF228DF674900421317 /* Factories */,
				84572E0E28DD79AE00922409 /* LengthFormatter.swift */,
				84572E1428DD7B5400922409 /* VolumeFormatter.swift */,
				84572E1028DD7A5800922409 /* TimeFormatter.swift */,
				84572E1228DD7AB200922409 /* TemperatureFormatter.swift */,
				84205EEA28DF33E300421317 /* UnitConverter.swift */,
			);
			path = Formatters;
			sourceTree = "<group>";
		};
/* End PBXGroup section */

/* Begin PBXNativeTarget section */
		84572DEC28DC85AF00922409 /* UnitConverter */ = {
			isa = PBXNativeTarget;
			buildConfigurationList = 84572DFB28DC85B200922409 /* Build configuration list for PBXNativeTarget "UnitConverter" */;
			buildPhases = (
				84572DE928DC85AF00922409 /* Sources */,
				84572DEA28DC85AF00922409 /* Frameworks */,
				84572DEB28DC85AF00922409 /* Resources */,
			);
			buildRules = (
			);
			dependencies = (
			);
			name = UnitConverter;
			productName = UnitConverter;
			productReference = 84572DED28DC85AF00922409 /* UnitConverter.app */;
			productType = "com.apple.product-type.application";
		};
/* End PBXNativeTarget section */

/* Begin PBXProject section */
		84572DE528DC85AF00922409 /* Project object */ = {
			isa = PBXProject;
			attributes = {
				BuildIndependentTargetsInParallel = 1;
				LastSwiftUpdateCheck = 1340;
				LastUpgradeCheck = 1340;
				TargetAttributes = {
					84572DEC28DC85AF00922409 = {
						CreatedOnToolsVersion = 13.4.1;
					};
				};
			};
			buildConfigurationList = 84572DE828DC85AF00922409 /* Build configuration list for PBXProject "UnitConverter" */;
			compatibilityVersion = "Xcode 13.0";
			developmentRegion = en;
			hasScannedForEncodings = 0;
			knownRegions = (
				en,
				Base,
			);
			mainGroup = 84572DE428DC85AF00922409;
			productRefGroup = 84572DEE28DC85AF00922409 /* Products */;
			projectDirPath = "";
			projectRoot = "";
			targets = (
				84572DEC28DC85AF00922409 /* UnitConverter */,
			);
		};
/* End PBXProject section */

/* Begin PBXResourcesBuildPhase section */
		84572DEB28DC85AF00922409 /* Resources */ = {
			isa = PBXResourcesBuildPhase;
			buildActionMask = 2147483647;
			files = (
				84572DF828DC85B200922409 /* Preview Assets.xcassets in Resources */,
				84572DF528DC85B200922409 /* Assets.xcassets in Resources */,
			);
			runOnlyForDeploymentPostprocessing = 0;
		};
/* End PBXResourcesBuildPhase section */

/* Begin PBXSourcesBuildPhase section */
		84572DE928DC85AF00922409 /* Sources */ = {
			isa = PBXSourcesBuildPhase;
			buildActionMask = 2147483647;
			files = (
				84205EEF28DF34E200421317 /* TextFieldFormatter.swift in Sources */,
				84205EEB28DF33E300421317 /* UnitConverter.swift in Sources */,
				84572E1528DD7B5400922409 /* VolumeFormatter.swift in Sources */,
				84205EED28DF347E00421317 /* TextFieldUnitFormatter.swift in Sources */,
				84572E0A28DD774F00922409 /* VolumeConverter.swift in Sources */,
				84572DFF28DCCEF100922409 /* ConverterView.swift in Sources */,
				84572E0F28DD79AE00922409 /* LengthFormatter.swift in Sources */,
				84572DF328DC85AF00922409 /* ContentView.swift in Sources */,
				84572E0328DCCFD300922409 /* LengthConverter.swift in Sources */,
				84572E1128DD7A5800922409 /* TimeFormatter.swift in Sources */,
				84205EE928DF2F7500421317 /* FormattedTextField.swift in Sources */,
				84572E0528DCD01400922409 /* TemperatureConverter.swift in Sources */,
				84572E0128DCCF3200922409 /* Converter.swift in Sources */,
				84572DF128DC85AF00922409 /* UnitConverterApp.swift in Sources */,
				84572E0828DD768700922409 /* TimeConverter.swift in Sources */,
				84205EF128DF66B600421317 /* FormatterFactory.swift in Sources */,
				84572E1328DD7AB200922409 /* TemperatureFormatter.swift in Sources */,
			);
			runOnlyForDeploymentPostprocessing = 0;
		};
/* End PBXSourcesBuildPhase section */

/* Begin XCBuildConfiguration section */
		84572DF928DC85B200922409 /* Debug */ = {
			isa = XCBuildConfiguration;
			buildSettings = {
				ALWAYS_SEARCH_USER_PATHS = NO;
				CLANG_ANALYZER_NONNULL = YES;
				CLANG_ANALYZER_NUMBER_OBJECT_CONVERSION = YES_AGGRESSIVE;
				CLANG_CXX_LANGUAGE_STANDARD = "gnu++17";
				CLANG_ENABLE_MODULES = YES;
				CLANG_ENABLE_OBJC_ARC = YES;
				CLANG_ENABLE_OBJC_WEAK = YES;
				CLANG_WARN_BLOCK_CAPTURE_AUTORELEASING = YES;
				CLANG_WARN_BOOL_CONVERSION = YES;
				CLANG_WARN_COMMA = YES;
				CLANG_WARN_CONSTANT_CONVERSION = YES;
				CLANG_WARN_DEPRECATED_OBJC_IMPLEMENTATIONS = YES;
				CLANG_WARN_DIRECT_OBJC_ISA_USAGE = YES_ERROR;
				CLANG_WARN_DOCUMENTATION_COMMENTS = YES;
				CLANG_WARN_EMPTY_BODY = YES;
				CLANG_WARN_ENUM_CONVERSION = YES;
				CLANG_WARN_INFINITE_RECURSION = YES;
				CLANG_WARN_INT_CONVERSION = YES;
				CLANG_WARN_NON_LITERAL_NULL_CONVERSION = YES;
				CLANG_WARN_OBJC_IMPLICIT_RETAIN_SELF = YES;
				CLANG_WARN_OBJC_LITERAL_CONVERSION = YES;
				CLANG_WARN_OBJC_ROOT_CLASS = YES_ERROR;
				CLANG_WARN_QUOTED_INCLUDE_IN_FRAMEWORK_HEADER = YES;
				CLANG_WARN_RANGE_LOOP_ANALYSIS = YES;
				CLANG_WARN_STRICT_PROTOTYPES = YES;
				CLANG_WARN_SUSPICIOUS_MOVE = YES;
				CLANG_WARN_UNGUARDED_AVAILABILITY = YES_AGGRESSIVE;
				CLANG_WARN_UNREACHABLE_CODE = YES;
				CLANG_WARN__DUPLICATE_METHOD_MATCH = YES;
				COPY_PHASE_STRIP = NO;
				DEBUG_INFORMATION_FORMAT = dwarf;
				ENABLE_STRICT_OBJC_MSGSEND = YES;
				ENABLE_TESTABILITY = YES;
				GCC_C_LANGUAGE_STANDARD = gnu11;
				GCC_DYNAMIC_NO_PIC = NO;
				GCC_NO_COMMON_BLOCKS = YES;
				GCC_OPTIMIZATION_LEVEL = 0;
				GCC_PREPROCESSOR_DEFINITIONS = (
					"DEBUG=1",
					"$(inherited)",
				);
				GCC_WARN_64_TO_32_BIT_CONVERSION = YES;
				GCC_WARN_ABOUT_RETURN_TYPE = YES_ERROR;
				GCC_WARN_UNDECLARED_SELECTOR = YES;
				GCC_WARN_UNINITIALIZED_AUTOS = YES_AGGRESSIVE;
				GCC_WARN_UNUSED_FUNCTION = YES;
				GCC_WARN_UNUSED_VARIABLE = YES;
				IPHONEOS_DEPLOYMENT_TARGET = 15.5;
				MTL_ENABLE_DEBUG_INFO = INCLUDE_SOURCE;
				MTL_FAST_MATH = YES;
				ONLY_ACTIVE_ARCH = YES;
				SDKROOT = iphoneos;
				SWIFT_ACTIVE_COMPILATION_CONDITIONS = DEBUG;
				SWIFT_OPTIMIZATION_LEVEL = "-Onone";
			};
			name = Debug;
		};
		84572DFA28DC85B200922409 /* Release */ = {
			isa = XCBuildConfiguration;
			buildSettings = {
				ALWAYS_SEARCH_USER_PATHS = NO;
				CLANG_ANALYZER_NONNULL = YES;
				CLANG_ANALYZER_NUMBER_OBJECT_CONVERSION = YES_AGGRESSIVE;
				CLANG_CXX_LANGUAGE_STANDARD = "gnu++17";
				CLANG_ENABLE_MODULES = YES;
				CLANG_ENABLE_OBJC_ARC = YES;
				CLANG_ENABLE_OBJC_WEAK = YES;
				CLANG_WARN_BLOCK_CAPTURE_AUTORELEASING = YES;
				CLANG_WARN_BOOL_CONVERSION = YES;
				CLANG_WARN_COMMA = YES;
				CLANG_WARN_CONSTANT_CONVERSION = YES;
				CLANG_WARN_DEPRECATED_OBJC_IMPLEMENTATIONS = YES;
				CLANG_WARN_DIRECT_OBJC_ISA_USAGE = YES_ERROR;
				CLANG_WARN_DOCUMENTATION_COMMENTS = YES;
				CLANG_WARN_EMPTY_BODY = YES;
				CLANG_WARN_ENUM_CONVERSION = YES;
				CLANG_WARN_INFINITE_RECURSION = YES;
				CLANG_WARN_INT_CONVERSION = YES;
				CLANG_WARN_NON_LITERAL_NULL_CONVERSION = YES;
				CLANG_WARN_OBJC_IMPLICIT_RETAIN_SELF = YES;
				CLANG_WARN_OBJC_LITERAL_CONVERSION = YES;
				CLANG_WARN_OBJC_ROOT_CLASS = YES_ERROR;
				CLANG_WARN_QUOTED_INCLUDE_IN_FRAMEWORK_HEADER = YES;
				CLANG_WARN_RANGE_LOOP_ANALYSIS = YES;
				CLANG_WARN_STRICT_PROTOTYPES = YES;
				CLANG_WARN_SUSPICIOUS_MOVE = YES;
				CLANG_WARN_UNGUARDED_AVAILABILITY = YES_AGGRESSIVE;
				CLANG_WARN_UNREACHABLE_CODE = YES;
				CLANG_WARN__DUPLICATE_METHOD_MATCH = YES;
				COPY_PHASE_STRIP = NO;
				DEBUG_INFORMATION_FORMAT = "dwarf-with-dsym";
				ENABLE_NS_ASSERTIONS = NO;
				ENABLE_STRICT_OBJC_MSGSEND = YES;
				GCC_C_LANGUAGE_STANDARD = gnu11;
				GCC_NO_COMMON_BLOCKS = YES;
				GCC_WARN_64_TO_32_BIT_CONVERSION = YES;
				GCC_WARN_ABOUT_RETURN_TYPE = YES_ERROR;
				GCC_WARN_UNDECLARED_SELECTOR = YES;
				GCC_WARN_UNINITIALIZED_AUTOS = YES_AGGRESSIVE;
				GCC_WARN_UNUSED_FUNCTION = YES;
				GCC_WARN_UNUSED_VARIABLE = YES;
				IPHONEOS_DEPLOYMENT_TARGET = 15.5;
				MTL_ENABLE_DEBUG_INFO = NO;
				MTL_FAST_MATH = YES;
				SDKROOT = iphoneos;
				SWIFT_COMPILATION_MODE = wholemodule;
				SWIFT_OPTIMIZATION_LEVEL = "-O";
				VALIDATE_PRODUCT = YES;
			};
			name = Release;
		};
		84572DFC28DC85B200922409 /* Debug */ = {
			isa = XCBuildConfiguration;
			buildSettings = {
				ASSETCATALOG_COMPILER_APPICON_NAME = AppIcon;
				ASSETCATALOG_COMPILER_GLOBAL_ACCENT_COLOR_NAME = AccentColor;
				CODE_SIGN_STYLE = Automatic;
				CURRENT_PROJECT_VERSION = 1;
				DEVELOPMENT_ASSET_PATHS = "\"UnitConverter/Preview Content\"";
				ENABLE_PREVIEWS = YES;
				GENERATE_INFOPLIST_FILE = YES;
				INFOPLIST_KEY_UIApplicationSceneManifest_Generation = YES;
				INFOPLIST_KEY_UIApplicationSupportsIndirectInputEvents = YES;
				INFOPLIST_KEY_UILaunchScreen_Generation = YES;
				INFOPLIST_KEY_UISupportedInterfaceOrientations_iPad = "UIInterfaceOrientationPortrait UIInterfaceOrientationPortraitUpsideDown UIInterfaceOrientationLandscapeLeft UIInterfaceOrientationLandscapeRight";
				INFOPLIST_KEY_UISupportedInterfaceOrientations_iPhone = "UIInterfaceOrientationPortrait UIInterfaceOrientationLandscapeLeft UIInterfaceOrientationLandscapeRight";
				LD_RUNPATH_SEARCH_PATHS = (
					"$(inherited)",
					"@executable_path/Frameworks",
				);
				MARKETING_VERSION = 1.0;
				PRODUCT_BUNDLE_IDENTIFIER = me.statnykh.UnitConverter;
				PRODUCT_NAME = "$(TARGET_NAME)";
				SWIFT_EMIT_LOC_STRINGS = YES;
				SWIFT_VERSION = 5.0;
				TARGETED_DEVICE_FAMILY = "1,2";
			};
			name = Debug;
		};
		84572DFD28DC85B200922409 /* Release */ = {
			isa = XCBuildConfiguration;
			buildSettings = {
				ASSETCATALOG_COMPILER_APPICON_NAME = AppIcon;
				ASSETCATALOG_COMPILER_GLOBAL_ACCENT_COLOR_NAME = AccentColor;
				CODE_SIGN_STYLE = Automatic;
				CURRENT_PROJECT_VERSION = 1;
				DEVELOPMENT_ASSET_PATHS = "\"UnitConverter/Preview Content\"";
				ENABLE_PREVIEWS = YES;
				GENERATE_INFOPLIST_FILE = YES;
				INFOPLIST_KEY_UIApplicationSceneManifest_Generation = YES;
				INFOPLIST_KEY_UIApplicationSupportsIndirectInputEvents = YES;
				INFOPLIST_KEY_UILaunchScreen_Generation = YES;
				INFOPLIST_KEY_UISupportedInterfaceOrientations_iPad = "UIInterfaceOrientationPortrait UIInterfaceOrientationPortraitUpsideDown UIInterfaceOrientationLandscapeLeft UIInterfaceOrientationLandscapeRight";
				INFOPLIST_KEY_UISupportedInterfaceOrientations_iPhone = "UIInterfaceOrientationPortrait UIInterfaceOrientationLandscapeLeft UIInterfaceOrientationLandscapeRight";
				LD_RUNPATH_SEARCH_PATHS = (
					"$(inherited)",
					"@executable_path/Frameworks",
				);
				MARKETING_VERSION = 1.0;
				PRODUCT_BUNDLE_IDENTIFIER = me.statnykh.UnitConverter;
				PRODUCT_NAME = "$(TARGET_NAME)";
				SWIFT_EMIT_LOC_STRINGS = YES;
				SWIFT_VERSION = 5.0;
				TARGETED_DEVICE_FAMILY = "1,2";
			};
			name = Release;
		};
/* End XCBuildConfiguration section */

/* Begin XCConfigurationList section */
		84572DE828DC85AF00922409 /* Build configuration list for PBXProject "UnitConverter" */ = {
			isa = XCConfigurationList;
			buildConfigurations = (
				84572DF928DC85B200922409 /* Debug */,
				84572DFA28DC85B200922409 /* Release */,
			);
			defaultConfigurationIsVisible = 0;
			defaultConfigurationName = Release;
		};
		84572DFB28DC85B200922409 /* Build configuration list for PBXNativeTarget "UnitConverter" */ = {
			isa = XCConfigurationList;
			buildConfigurations = (
				84572DFC28DC85B200922409 /* Debug */,
				84572DFD28DC85B200922409 /* Release */,
			);
			defaultConfigurationIsVisible = 0;
			defaultConfigurationName = Release;
		};
/* End XCConfigurationList section */
	};
	rootObject = 84572DE528DC85AF00922409 /* Project object */;
}
